
Microsoft Visual Studio Solution File, Format Version 12.00
# Visual Studio Version 17
VisualStudioVersion = 17.9.34526.213
MinimumVisualStudioVersion = 10.0.40219.1
Project("{FAE04EC0-301F-11D3-BF4B-00C04F79EFBC}") = "ColorDict", "ColorDict\ColorDict.csproj", "{754E7D06-3BA7-42E9-8CA0-A84D61EEE4D4}"
EndProject
Project("{FAE04EC0-301F-11D3-BF4B-00C04F79EFBC}") = "ColorDict.Forms", "ColorDict.Forms\ColorDict.Forms.csproj", "{661F0058-F799-47EC-9E9E-6715B7619F96}"
EndProject
Project("{FAE04EC0-301F-11D3-BF4B-00C04F79EFBC}") = "ColorDict.LayoutSupport", "ColorDict.LayoutSupport\ColorDict.LayoutSupport.csproj", "{C8EB4FA9-1BCD-4919-9823-BC4C412BBB4F}"
EndProject
Project("{FAE04EC0-301F-11D3-BF4B-00C04F79EFBC}") = "ColorDict.Editor", "ColorDict.Editor\ColorDict.Editor.csproj", "{84805655-0A8A-4667-8C4C-1C570CB8BA80}"
EndProject
Project("{FAE04EC0-301F-11D3-BF4B-00C04F79EFBC}") = "ColorDict.Core", "ColorDict.Core\ColorDict.Core.csproj", "{5E7E23A4-59D1-4D28-8415-528C6EA71B10}"
EndProject
Global
	GlobalSection(SolutionConfigurationPlatforms) = preSolution
		Debug|Any CPU = Debug|Any CPU
		Release|Any CPU = Release|Any CPU
	EndGlobalSection
	GlobalSection(ProjectConfigurationPlatforms) = postSolution
		{754E7D06-3BA7-42E9-8CA0-A84D61EEE4D4}.Debug|Any CPU.ActiveCfg = Debug|Any CPU
		{754E7D06-3BA7-42E9-8CA0-A84D61EEE4D4}.Debug|Any CPU.Build.0 = Debug|Any CPU
		{754E7D06-3BA7-42E9-8CA0-A84D61EEE4D4}.Release|Any CPU.ActiveCfg = Release|Any CPU
		{754E7D06-3BA7-42E9-8CA0-A84D61EEE4D4}.Release|Any CPU.Build.0 = Release|Any CPU
		{661F0058-F799-47EC-9E9E-6715B7619F96}.Debug|Any CPU.ActiveCfg = Debug|Any CPU
		{661F0058-F799-47EC-9E9E-6715B7619F96}.Debug|Any CPU.Build.0 = Debug|Any CPU
		{661F0058-F799-47EC-9E9E-6715B7619F96}.Release|Any CPU.ActiveCfg = Release|Any CPU
		{661F0058-F799-47EC-9E9E-6715B7619F96}.Release|Any CPU.Build.0 = Release|Any CPU
		{C8EB4FA9-1BCD-4919-9823-BC4C412BBB4F}.Debug|Any CPU.ActiveCfg = Debug|Any CPU
		{C8EB4FA9-1BCD-4919-9823-BC4C412BBB4F}.Debug|Any CPU.Build.0 = Debug|Any CPU
		{C8EB4FA9-1BCD-4919-9823-BC4C412BBB4F}.Release|Any CPU.ActiveCfg = Release|Any CPU
		{C8EB4FA9-1BCD-4919-9823-BC4C412BBB4F}.Release|Any CPU.Build.0 = Release|Any CPU
		{84805655-0A8A-4667-8C4C-1C570CB8BA80}.Debug|Any CPU.ActiveCfg = Debug|Any CPU
		{84805655-0A8A-4667-8C4C-1C570CB8BA80}.Debug|Any CPU.Build.0 = Debug|Any CPU
		{84805655-0A8A-4667-8C4C-1C570CB8BA80}.Release|Any CPU.ActiveCfg = Release|Any CPU
		{84805655-0A8A-4667-8C4C-1C570CB8BA80}.Release|Any CPU.Build.0 = Release|Any CPU
		{5E7E23A4-59D1-4D28-8415-528C6EA71B10}.Debug|Any CPU.ActiveCfg = Debug|Any CPU
		{5E7E23A4-59D1-4D28-8415-528C6EA71B10}.Debug|Any CPU.Build.0 = Debug|Any CPU
		{5E7E23A4-59D1-4D28-8415-528C6EA71B10}.Release|Any CPU.ActiveCfg = Release|Any CPU
		{5E7E23A4-59D1-4D28-8415-528C6EA71B10}.Release|Any CPU.Build.0 = Release|Any CPU
	EndGlobalSection
	GlobalSection(SolutionProperties) = preSolution
		HideSolutionNode = FALSE
	EndGlobalSection
	GlobalSection(ExtensibilityGlobals) = postSolution
		SolutionGuid = {569BC33C-F67C-4ABA-8272-8856BFC1FF51}
	EndGlobalSection
EndGlobal
